
Microsoft Visual Studio Solution File, Format Version 12.00
# Visual Studio 2013
VisualStudioVersion = 12.0.31101.0
MinimumVisualStudioVersion = 10.0.40219.1
Project("{FAE04EC0-301F-11D3-BF4B-00C04F79EFBC}") = "Nurse.Common", "Nurse.Common\Nurse.Common.csproj", "{06BDBA72-2379-47F6-8C05-F73AE90A5C5A}"
EndProject
Project("{FAE04EC0-301F-11D3-BF4B-00C04F79EFBC}") = "Nurse.Master.Service", "Nurse.Master.Service\Nurse.Master.Service.csproj", "{61A9E194-703D-4A16-B735-0529878F3B69}"
EndProject
Project("{FAE04EC0-301F-11D3-BF4B-00C04F79EFBC}") = "Nurse.Test", "Nurse.Test\Nurse.Test.csproj", "{71DC530D-1F4F-4806-A905-54CCAC7504C2}"
EndProject
Project("{FAE04EC0-301F-11D3-BF4B-00C04F79EFBC}") = "Nurse.Slave", "Nurse.Slave\Nurse.Slave.csproj", "{37AAAB05-E344-4DED-983A-2EA7392BD90F}"
EndProject
Project("{2150E333-8FDC-42A3-9474-1A3956D46DE8}") = "SubProgram", "SubProgram", "{DD09772D-BB0A-4F73-A0EA-2E8EF59A96E3}"
EndProject
Project("{FAE04EC0-301F-11D3-BF4B-00C04F79EFBC}") = "WebStateCenter", "SubProgram\WebStateCenter\WebStateCenter.csproj", "{277C7D21-384C-4B38-B090-7571EF49FC97}"
EndProject
Project("{FAE04EC0-301F-11D3-BF4B-00C04F79EFBC}") = "Nurse.Test.Exe", "SubProgram\Nurse.Test.Exe\Nurse.Test.Exe.csproj", "{14DE5F8D-AC8A-4646-8949-F96DC12B0E3D}"
EndProject
Project("{FAE04EC0-301F-11D3-BF4B-00C04F79EFBC}") = "Nurse.Test.Service", "SubProgram\Nurse.Test.Service\Nurse.Test.Service.csproj", "{9D6D414A-B218-4139-9B9E-A9CBDF0DCEDF}"
EndProject
Global
	GlobalSection(SolutionConfigurationPlatforms) = preSolution
		Debug|Any CPU = Debug|Any CPU
		Release|Any CPU = Release|Any CPU
	EndGlobalSection
	GlobalSection(ProjectConfigurationPlatforms) = postSolution
		{06BDBA72-2379-47F6-8C05-F73AE90A5C5A}.Debug|Any CPU.ActiveCfg = Debug|Any CPU
		{06BDBA72-2379-47F6-8C05-F73AE90A5C5A}.Debug|Any CPU.Build.0 = Debug|Any CPU
		{06BDBA72-2379-47F6-8C05-F73AE90A5C5A}.Release|Any CPU.ActiveCfg = Release|Any CPU
		{06BDBA72-2379-47F6-8C05-F73AE90A5C5A}.Release|Any CPU.Build.0 = Release|Any CPU
		{61A9E194-703D-4A16-B735-0529878F3B69}.Debug|Any CPU.ActiveCfg = Debug|Any CPU
		{61A9E194-703D-4A16-B735-0529878F3B69}.Debug|Any CPU.Build.0 = Debug|Any CPU
		{61A9E194-703D-4A16-B735-0529878F3B69}.Release|Any CPU.ActiveCfg = Release|Any CPU
		{61A9E194-703D-4A16-B735-0529878F3B69}.Release|Any CPU.Build.0 = Release|Any CPU
		{71DC530D-1F4F-4806-A905-54CCAC7504C2}.Debug|Any CPU.ActiveCfg = Debug|Any CPU
		{71DC530D-1F4F-4806-A905-54CCAC7504C2}.Debug|Any CPU.Build.0 = Debug|Any CPU
		{71DC530D-1F4F-4806-A905-54CCAC7504C2}.Release|Any CPU.ActiveCfg = Release|Any CPU
		{71DC530D-1F4F-4806-A905-54CCAC7504C2}.Release|Any CPU.Build.0 = Release|Any CPU
		{37AAAB05-E344-4DED-983A-2EA7392BD90F}.Debug|Any CPU.ActiveCfg = Debug|Any CPU
		{37AAAB05-E344-4DED-983A-2EA7392BD90F}.Debug|Any CPU.Build.0 = Debug|Any CPU
		{37AAAB05-E344-4DED-983A-2EA7392BD90F}.Release|Any CPU.ActiveCfg = Release|Any CPU
		{37AAAB05-E344-4DED-983A-2EA7392BD90F}.Release|Any CPU.Build.0 = Release|Any CPU
		{277C7D21-384C-4B38-B090-7571EF49FC97}.Debug|Any CPU.ActiveCfg = Debug|Any CPU
		{277C7D21-384C-4B38-B090-7571EF49FC97}.Debug|Any CPU.Build.0 = Debug|Any CPU
		{277C7D21-384C-4B38-B090-7571EF49FC97}.Release|Any CPU.ActiveCfg = Release|Any CPU
		{277C7D21-384C-4B38-B090-7571EF49FC97}.Release|Any CPU.Build.0 = Release|Any CPU
		{14DE5F8D-AC8A-4646-8949-F96DC12B0E3D}.Debug|Any CPU.ActiveCfg = Debug|Any CPU
		{14DE5F8D-AC8A-4646-8949-F96DC12B0E3D}.Debug|Any CPU.Build.0 = Debug|Any CPU
		{14DE5F8D-AC8A-4646-8949-F96DC12B0E3D}.Release|Any CPU.ActiveCfg = Release|Any CPU
		{14DE5F8D-AC8A-4646-8949-F96DC12B0E3D}.Release|Any CPU.Build.0 = Release|Any CPU
		{9D6D414A-B218-4139-9B9E-A9CBDF0DCEDF}.Debug|Any CPU.ActiveCfg = Debug|Any CPU
		{9D6D414A-B218-4139-9B9E-A9CBDF0DCEDF}.Debug|Any CPU.Build.0 = Debug|Any CPU
		{9D6D414A-B218-4139-9B9E-A9CBDF0DCEDF}.Release|Any CPU.ActiveCfg = Release|Any CPU
		{9D6D414A-B218-4139-9B9E-A9CBDF0DCEDF}.Release|Any CPU.Build.0 = Release|Any CPU
	EndGlobalSection
	GlobalSection(SolutionProperties) = preSolution
		HideSolutionNode = FALSE
	EndGlobalSection
	GlobalSection(NestedProjects) = preSolution
		{277C7D21-384C-4B38-B090-7571EF49FC97} = {DD09772D-BB0A-4F73-A0EA-2E8EF59A96E3}
		{14DE5F8D-AC8A-4646-8949-F96DC12B0E3D} = {DD09772D-BB0A-4F73-A0EA-2E8EF59A96E3}
		{9D6D414A-B218-4139-9B9E-A9CBDF0DCEDF} = {DD09772D-BB0A-4F73-A0EA-2E8EF59A96E3}
	EndGlobalSection
EndGlobal
